
Microsoft Visual Studio Solution File, Format Version 12.00
# Visual Studio 14
VisualStudioVersion = 14.0.25123.0
MinimumVisualStudioVersion = 10.0.40219.1
Project("{FAE04EC0-301F-11D3-BF4B-00C04F79EFBC}") = "LogOutUser", "LogOutUser\LogOutUser.csproj", "{B032CDE0-AD36-4258-97A2-BBBBB5239720}"
EndProject
Project("{FAE04EC0-301F-11D3-BF4B-00C04F79EFBC}") = "TestTest", "TestTest\TestTest.csproj", "{D85533AD-3819-4800-98BE-FDE929E944DF}"
EndProject
Project("{FAE04EC0-301F-11D3-BF4B-00C04F79EFBC}") = "RemoteData", "RemoteData\RemoteData.csproj", "{346DDCC0-9D69-4D46-B2E9-D2D9C3839FAA}"
EndProject
Project("{FAE04EC0-301F-11D3-BF4B-00C04F79EFBC}") = "ParallelTest", "ParallelTest\ParallelTest.csproj", "{28592416-FEFB-40A2-A6D8-0DE3C97BCDB2}"
EndProject
Global
	GlobalSection(SolutionConfigurationPlatforms) = preSolution
		Debug|Any CPU = Debug|Any CPU
		Release|Any CPU = Release|Any CPU
	EndGlobalSection
	GlobalSection(ProjectConfigurationPlatforms) = postSolution
		{B032CDE0-AD36-4258-97A2-BBBBB5239720}.Debug|Any CPU.ActiveCfg = Debug|Any CPU
		{B032CDE0-AD36-4258-97A2-BBBBB5239720}.Debug|Any CPU.Build.0 = Debug|Any CPU
		{B032CDE0-AD36-4258-97A2-BBBBB5239720}.Release|Any CPU.ActiveCfg = Release|Any CPU
		{B032CDE0-AD36-4258-97A2-BBBBB5239720}.Release|Any CPU.Build.0 = Release|Any CPU
		{D85533AD-3819-4800-98BE-FDE929E944DF}.Debug|Any CPU.ActiveCfg = Debug|Any CPU
		{D85533AD-3819-4800-98BE-FDE929E944DF}.Debug|Any CPU.Build.0 = Debug|Any CPU
		{D85533AD-3819-4800-98BE-FDE929E944DF}.Release|Any CPU.ActiveCfg = Release|Any CPU
		{D85533AD-3819-4800-98BE-FDE929E944DF}.Release|Any CPU.Build.0 = Release|Any CPU
		{346DDCC0-9D69-4D46-B2E9-D2D9C3839FAA}.Debug|Any CPU.ActiveCfg = Debug|Any CPU
		{346DDCC0-9D69-4D46-B2E9-D2D9C3839FAA}.Debug|Any CPU.Build.0 = Debug|Any CPU
		{346DDCC0-9D69-4D46-B2E9-D2D9C3839FAA}.Release|Any CPU.ActiveCfg = Release|Any CPU
		{346DDCC0-9D69-4D46-B2E9-D2D9C3839FAA}.Release|Any CPU.Build.0 = Release|Any CPU
		{28592416-FEFB-40A2-A6D8-0DE3C97BCDB2}.Debug|Any CPU.ActiveCfg = Debug|Any CPU
		{28592416-FEFB-40A2-A6D8-0DE3C97BCDB2}.Debug|Any CPU.Build.0 = Debug|Any CPU
		{28592416-FEFB-40A2-A6D8-0DE3C97BCDB2}.Release|Any CPU.ActiveCfg = Release|Any CPU
		{28592416-FEFB-40A2-A6D8-0DE3C97BCDB2}.Release|Any CPU.Build.0 = Release|Any CPU
	EndGlobalSection
	GlobalSection(SolutionProperties) = preSolution
		HideSolutionNode = FALSE
	EndGlobalSection
EndGlobal
